
Microsoft Visual Studio Solution File, Format Version 12.00
# Visual Studio 15
VisualStudioVersion = 15.0.28307.329
MinimumVisualStudioVersion = 10.0.40219.1
Project("{FAE04EC0-301F-11D3-BF4B-00C04F79EFBC}") = "A2 E3 - ORM CF", "A2 E3 - ORM CF\A2 E3 - ORM CF.csproj", "{CFF400A3-533D-43CB-ADDD-3B338B9C6AD2}"
EndProject
Global
	GlobalSection(SolutionConfigurationPlatforms) = preSolution
		Debug|Any CPU = Debug|Any CPU
		Release|Any CPU = Release|Any CPU
	EndGlobalSection
	GlobalSection(ProjectConfigurationPlatforms) = postSolution
		{CFF400A3-533D-43CB-ADDD-3B338B9C6AD2}.Debug|Any CPU.ActiveCfg = Debug|Any CPU
		{CFF400A3-533D-43CB-ADDD-3B338B9C6AD2}.Debug|Any CPU.Build.0 = Debug|Any CPU
		{CFF400A3-533D-43CB-ADDD-3B338B9C6AD2}.Release|Any CPU.ActiveCfg = Release|Any CPU
		{CFF400A3-533D-43CB-ADDD-3B338B9C6AD2}.Release|Any CPU.Build.0 = Release|Any CPU
	EndGlobalSection
	GlobalSection(SolutionProperties) = preSolution
		HideSolutionNode = FALSE
	EndGlobalSection
	GlobalSection(ExtensibilityGlobals) = postSolution
		SolutionGuid = {55879121-6D0F-414E-B043-53B338D8A91B}
	EndGlobalSection
EndGlobal
